
Microsoft Visual Studio Solution File, Format Version 12.00
# Visual Studio 15
VisualStudioVersion = 15.0.28010.2050
MinimumVisualStudioVersion = 10.0.40219.1
Project("{9A19103F-16F7-4668-BE54-9A1E7A4F7556}") = "Minimage", "Minimage\Minimage.csproj", "{6B64297B-EAFB-4940-901C-7D997FC4593C}"
EndProject
Project("{FAE04EC0-301F-11D3-BF4B-00C04F79EFBC}") = "TestConsole", "TestConsole\TestConsole.csproj", "{296A4C38-F7F0-4092-93C6-998A3EB2B31A}"
EndProject
Global
	GlobalSection(SolutionConfigurationPlatforms) = preSolution
		Debug|Any CPU = Debug|Any CPU
		Release|Any CPU = Release|Any CPU
	EndGlobalSection
	GlobalSection(ProjectConfigurationPlatforms) = postSolution
		{6B64297B-EAFB-4940-901C-7D997FC4593C}.Debug|Any CPU.ActiveCfg = Debug|Any CPU
		{6B64297B-EAFB-4940-901C-7D997FC4593C}.Debug|Any CPU.Build.0 = Debug|Any CPU
		{6B64297B-EAFB-4940-901C-7D997FC4593C}.Release|Any CPU.ActiveCfg = Release|Any CPU
		{6B64297B-EAFB-4940-901C-7D997FC4593C}.Release|Any CPU.Build.0 = Release|Any CPU
		{296A4C38-F7F0-4092-93C6-998A3EB2B31A}.Debug|Any CPU.ActiveCfg = Debug|Any CPU
		{296A4C38-F7F0-4092-93C6-998A3EB2B31A}.Debug|Any CPU.Build.0 = Debug|Any CPU
		{296A4C38-F7F0-4092-93C6-998A3EB2B31A}.Release|Any CPU.ActiveCfg = Release|Any CPU
		{296A4C38-F7F0-4092-93C6-998A3EB2B31A}.Release|Any CPU.Build.0 = Release|Any CPU
	EndGlobalSection
	GlobalSection(SolutionProperties) = preSolution
		HideSolutionNode = FALSE
	EndGlobalSection
	GlobalSection(ExtensibilityGlobals) = postSolution
		SolutionGuid = {BCF4A64C-CEA2-480E-B0F5-2B6404640537}
	EndGlobalSection
EndGlobal
